// !$*UTF8*$!
{
	archiveVersion = 1;
	classes = {
	};
	objectVersion = 50;
	objects = {

/* Begin PBXBuildFile section */
		213B538226F3F63B00BF4118 /* Movie.swift in Sources */ = {isa = PBXBuildFile; fileRef = 213B538126F3F63B00BF4118 /* Movie.swift */; };
		213B538426F3F87500BF4118 /* Service.swift in Sources */ = {isa = PBXBuildFile; fileRef = 213B538326F3F87500BF4118 /* Service.swift */; };
		21CB23C726F38EB3000143E3 /* AppDelegate.swift in Sources */ = {isa = PBXBuildFile; fileRef = 21CB23C626F38EB3000143E3 /* AppDelegate.swift */; };
		21CB23C926F38EB3000143E3 /* SceneDelegate.swift in Sources */ = {isa = PBXBuildFile; fileRef = 21CB23C826F38EB3000143E3 /* SceneDelegate.swift */; };
		21CB23CB26F38EB3000143E3 /* ViewController.swift in Sources */ = {isa = PBXBuildFile; fileRef = 21CB23CA26F38EB3000143E3 /* ViewController.swift */; };
		21CB23CE26F38EB3000143E3 /* Main.storyboard in Resources */ = {isa = PBXBuildFile; fileRef = 21CB23CC26F38EB3000143E3 /* Main.storyboard */; };
		21CB23D026F38EB7000143E3 /* Assets.xcassets in Resources */ = {isa = PBXBuildFile; fileRef = 21CB23CF26F38EB7000143E3 /* Assets.xcassets */; };
		21CB23D326F38EB7000143E3 /* LaunchScreen.storyboard in Resources */ = {isa = PBXBuildFile; fileRef = 21CB23D126F38EB7000143E3 /* LaunchScreen.storyboard */; };
/* End PBXBuildFile section */

/* Begin PBXFileReference section */
		213B538126F3F63B00BF4118 /* Movie.swift */ = {isa = PBXFileReference; lastKnownFileType = sourcecode.swift; path = Movie.swift; sourceTree = "<group>"; };
		213B538326F3F87500BF4118 /* Service.swift */ = {isa = PBXFileReference; lastKnownFileType = sourcecode.swift; path = Service.swift; sourceTree = "<group>"; };
		21CB23C326F38EB3000143E3 /* OSMovieApp.app */ = {isa = PBXFileReference; explicitFileType = wrapper.application; includeInIndex = 0; path = OSMovieApp.app; sourceTree = BUILT_PRODUCTS_DIR; };
		21CB23C626F38EB3000143E3 /* AppDelegate.swift */ = {isa = PBXFileReference; lastKnownFileType = sourcecode.swift; path = AppDelegate.swift; sourceTree = "<group>"; };
		21CB23C826F38EB3000143E3 /* SceneDelegate.swift */ = {isa = PBXFileReference; lastKnownFileType = sourcecode.swift; path = SceneDelegate.swift; sourceTree = "<group>"; };
		21CB23CA26F38EB3000143E3 /* ViewController.swift */ = {isa = PBXFileReference; lastKnownFileType = sourcecode.swift; path = ViewController.swift; sourceTree = "<group>"; };
		21CB23CD26F38EB3000143E3 /* Base */ = {isa = PBXFileReference; lastKnownFileType = file.storyboard; name = Base; path = Base.lproj/Main.storyboard; sourceTree = "<group>"; };
		21CB23CF26F38EB7000143E3 /* Assets.xcassets */ = {isa = PBXFileReference; lastKnownFileType = folder.assetcatalog; path = Assets.xcassets; sourceTree = "<group>"; };
		21CB23D226F38EB7000143E3 /* Base */ = {isa = PBXFileReference; lastKnownFileType = file.storyboard; name = Base; path = Base.lproj/LaunchScreen.storyboard; sourceTree = "<group>"; };
		21CB23D426F38EB7000143E3 /* Info.plist */ = {isa = PBXFileReference; lastKnownFileType = text.plist.xml; path = Info.plist; sourceTree = "<group>"; };
/* End PBXFileReference section */

/* Begin PBXFrameworksBuildPhase section */
		21CB23C026F38EB3000143E3 /* Frameworks */ = {
			isa = PBXFrameworksBuildPhase;
			buildActionMask = 2147483647;
			files = (
			);
			runOnlyForDeploymentPostprocessing = 0;
		};
/* End PBXFrameworksBuildPhase section */

/* Begin PBXGroup section */
		21CB23BA26F38EB3000143E3 = {
			isa = PBXGroup;
			children = (
				21CB23C526F38EB3000143E3 /* OSMovieApp */,
				21CB23C426F38EB3000143E3 /* Products */,
			);
			sourceTree = "<group>";
		};
		21CB23C426F38EB3000143E3 /* Products */ = {
			isa = PBXGroup;
			children = (
				21CB23C326F38EB3000143E3 /* OSMovieApp.app */,
			);
			name = Products;
			sourceTree = "<group>";
		};
		21CB23C526F38EB3000143E3 /* OSMovieApp */ = {
			isa = PBXGroup;
			children = (
				21CB23C626F38EB3000143E3 /* AppDelegate.swift */,
				21CB23C826F38EB3000143E3 /* SceneDelegate.swift */,
				21CB23CA26F38EB3000143E3 /* ViewController.swift */,
				21CB23CC26F38EB3000143E3 /* Main.storyboard */,
				21CB23CF26F38EB7000143E3 /* Assets.xcassets */,
				21CB23D126F38EB7000143E3 /* LaunchScreen.storyboard */,
				21CB23D426F38EB7000143E3 /* Info.plist */,
				213B538126F3F63B00BF4118 /* Movie.swift */,
				213B538326F3F87500BF4118 /* Service.swift */,
			);
			path = OSMovieApp;
			sourceTree = "<group>";
		};
/* End PBXGroup section */

/* Begin PBXNativeTarget section */
		21CB23C226F38EB3000143E3 /* OSMovieApp */ = {
			isa = PBXNativeTarget;
			buildConfigurationList = 21CB23D726F38EB7000143E3 /* Build configuration list for PBXNativeTarget "OSMovieApp" */;
			buildPhases = (
				21CB23BF26F38EB3000143E3 /* Sources */,
				21CB23C026F38EB3000143E3 /* Frameworks */,
				21CB23C126F38EB3000143E3 /* Resources */,
			);
			buildRules = (
			);
			dependencies = (
			);
			name = OSMovieApp;
			productName = OSMovieApp;
			productReference = 21CB23C326F38EB3000143E3 /* OSMovieApp.app */;
			productType = "com.apple.product-type.application";
		};
/* End PBXNativeTarget section */

/* Begin PBXProject section */
		21CB23BB26F38EB3000143E3 /* Project object */ = {
			isa = PBXProject;
			attributes = {
				LastSwiftUpdateCheck = 1250;
				LastUpgradeCheck = 1250;
				TargetAttributes = {
					21CB23C226F38EB3000143E3 = {
						CreatedOnToolsVersion = 12.5;
					};
				};
			};
			buildConfigurationList = 21CB23BE26F38EB3000143E3 /* Build configuration list for PBXProject "OSMovieApp" */;
			compatibilityVersion = "Xcode 9.3";
			developmentRegion = en;
			hasScannedForEncodings = 0;
			knownRegions = (
				en,
				Base,
			);
			mainGroup = 21CB23BA26F38EB3000143E3;
			productRefGroup = 21CB23C426F38EB3000143E3 /* Products */;
			projectDirPath = "";
			projectRoot = "";
			targets = (
				21CB23C226F38EB3000143E3 /* OSMovieApp */,
			);
		};
/* End PBXProject section */

/* Begin PBXResourcesBuildPhase section */
		21CB23C126F38EB3000143E3 /* Resources */ = {
			isa = PBXResourcesBuildPhase;
			buildActionMask = 2147483647;
			files = (
				21CB23D326F38EB7000143E3 /* LaunchScreen.storyboard in Resources */,
				21CB23D026F38EB7000143E3 /* Assets.xcassets in Resources */,
				21CB23CE26F38EB3000143E3 /* Main.storyboard in Resources */,
			);
			runOnlyForDeploymentPostprocessing = 0;
		};
/* End PBXResourcesBuildPhase section */

/* Begin PBXSourcesBuildPhase section */
		21CB23BF26F38EB3000143E3 /* Sources */ = {
			isa = PBXSourcesBuildPhase;
			buildActionMask = 2147483647;
			files = (
				21CB23CB26F38EB3000143E3 /* ViewController.swift in Sources */,
				21CB23C726F38EB3000143E3 /* AppDelegate.swift in Sources */,
				213B538426F3F87500BF4118 /* Service.swift in Sources */,
				213B538226F3F63B00BF4118 /* Movie.swift in Sources */,
				21CB23C926F38EB3000143E3 /* SceneDelegate.swift in Sources */,
			);
			runOnlyForDeploymentPostprocessing = 0;
		};
/* End PBXSourcesBuildPhase section */

/* Begin PBXVariantGroup section */
		21CB23CC26F38EB3000143E3 /* Main.storyboard */ = {
			isa = PBXVariantGroup;
			children = (
				21CB23CD26F38EB3000143E3 /* Base */,
			);
			name = Main.storyboard;
			sourceTree = "<group>";
		};
		21CB23D126F38EB7000143E3 /* LaunchScreen.storyboard */ = {
			isa = PBXVariantGroup;
			children = (
				21CB23D226F38EB7000143E3 /* Base */,
			);
			name = LaunchScreen.storyboard;
			sourceTree = "<group>";
		};
/* End PBXVariantGroup section */

/* Begin XCBuildConfiguration section */
		21CB23D526F38EB7000143E3 /* Debug */ = {
			isa = XCBuildConfiguration;
			buildSettings = {
				ALWAYS_SEARCH_USER_PATHS = NO;
				CLANG_ANALYZER_NONNULL = YES;
				CLANG_ANALYZER_NUMBER_OBJECT_CONVERSION = YES_AGGRESSIVE;
				CLANG_CXX_LANGUAGE_STANDARD = "gnu++14";
				CLANG_CXX_LIBRARY = "libc++";
				CLANG_ENABLE_MODULES = YES;
				CLANG_ENABLE_OBJC_ARC = YES;
				CLANG_ENABLE_OBJC_WEAK = YES;
				CLANG_WARN_BLOCK_CAPTURE_AUTORELEASING = YES;
				CLANG_WARN_BOOL_CONVERSION = YES;
				CLANG_WARN_COMMA = YES;
				CLANG_WARN_CONSTANT_CONVERSION = YES;
				CLANG_WARN_DEPRECATED_OBJC_IMPLEMENTATIONS = YES;
				CLANG_WARN_DIRECT_OBJC_ISA_USAGE = YES_ERROR;
				CLANG_WARN_DOCUMENTATION_COMMENTS = YES;
				CLANG_WARN_EMPTY_BODY = YES;
				CLANG_WARN_ENUM_CONVERSION = YES;
				CLANG_WARN_INFINITE_RECURSION = YES;
				CLANG_WARN_INT_CONVERSION = YES;
				CLANG_WARN_NON_LITERAL_NULL_CONVERSION = YES;
				CLANG_WARN_OBJC_IMPLICIT_RETAIN_SELF = YES;
				CLANG_WARN_OBJC_LITERAL_CONVERSION = YES;
				CLANG_WARN_OBJC_ROOT_CLASS = YES_ERROR;
				CLANG_WARN_QUOTED_INCLUDE_IN_FRAMEWORK_HEADER = YES;
				CLANG_WARN_RANGE_LOOP_ANALYSIS = YES;
				CLANG_WARN_STRICT_PROTOTYPES = YES;
				CLANG_WARN_SUSPICIOUS_MOVE = YES;
				CLANG_WARN_UNGUARDED_AVAILABILITY = YES_AGGRESSIVE;
				CLANG_WARN_UNREACHABLE_CODE = YES;
				CLANG_WARN__DUPLICATE_METHOD_MATCH = YES;
				COPY_PHASE_STRIP = NO;
				DEBUG_INFORMATION_FORMAT = dwarf;
				ENABLE_STRICT_OBJC_MSGSEND = YES;
				ENABLE_TESTABILITY = YES;
				GCC_C_LANGUAGE_STANDARD = gnu11;
				GCC_DYNAMIC_NO_PIC = NO;
				GCC_NO_COMMON_BLOCKS = YES;
				GCC_OPTIMIZATION_LEVEL = 0;
				GCC_PREPROCESSOR_DEFINITIONS = (
					"DEBUG=1",
					"$(inherited)",
				);
				GCC_WARN_64_TO_32_BIT_CONVERSION = YES;
				GCC_WARN_ABOUT_RETURN_TYPE = YES_ERROR;
				GCC_WARN_UNDECLARED_SELECTOR = YES;
				GCC_WARN_UNINITIALIZED_AUTOS = YES_AGGRESSIVE;
				GCC_WARN_UNUSED_FUNCTION = YES;
				GCC_WARN_UNUSED_VARIABLE = YES;
				IPHONEOS_DEPLOYMENT_TARGET = 14.5;
				MTL_ENABLE_DEBUG_INFO = INCLUDE_SOURCE;
				MTL_FAST_MATH = YES;
				ONLY_ACTIVE_ARCH = YES;
				SDKROOT = iphoneos;
				SWIFT_ACTIVE_COMPILATION_CONDITIONS = DEBUG;
				SWIFT_OPTIMIZATION_LEVEL = "-Onone";
			};
			name = Debug;
		};
		21CB23D626F38EB7000143E3 /* Release */ = {
			isa = XCBuildConfiguration;
			buildSettings = {
				ALWAYS_SEARCH_USER_PATHS = NO;
				CLANG_ANALYZER_NONNULL = YES;
				CLANG_ANALYZER_NUMBER_OBJECT_CONVERSION = YES_AGGRESSIVE;
				CLANG_CXX_LANGUAGE_STANDARD = "gnu++14";
				CLANG_CXX_LIBRARY = "libc++";
				CLANG_ENABLE_MODULES = YES;
				CLANG_ENABLE_OBJC_ARC = YES;
				CLANG_ENABLE_OBJC_WEAK = YES;
				CLANG_WARN_BLOCK_CAPTURE_AUTORELEASING = YES;
				CLANG_WARN_BOOL_CONVERSION = YES;
				CLANG_WARN_COMMA = YES;
				CLANG_WARN_CONSTANT_CONVERSION = YES;
				CLANG_WARN_DEPRECATED_OBJC_IMPLEMENTATIONS = YES;
				CLANG_WARN_DIRECT_OBJC_ISA_USAGE = YES_ERROR;
				CLANG_WARN_DOCUMENTATION_COMMENTS = YES;
				CLANG_WARN_EMPTY_BODY = YES;
				CLANG_WARN_ENUM_CONVERSION = YES;
				CLANG_WARN_INFINITE_RECURSION = YES;
				CLANG_WARN_INT_CONVERSION = YES;
				CLANG_WARN_NON_LITERAL_NULL_CONVERSION = YES;
				CLANG_WARN_OBJC_IMPLICIT_RETAIN_SELF = YES;
				CLANG_WARN_OBJC_LITERAL_CONVERSION = YES;
				CLANG_WARN_OBJC_ROOT_CLASS = YES_ERROR;
				CLANG_WARN_QUOTED_INCLUDE_IN_FRAMEWORK_HEADER = YES;
				CLANG_WARN_RANGE_LOOP_ANALYSIS = YES;
				CLANG_WARN_STRICT_PROTOTYPES = YES;
				CLANG_WARN_SUSPICIOUS_MOVE = YES;
				CLANG_WARN_UNGUARDED_AVAILABILITY = YES_AGGRESSIVE;
				CLANG_WARN_UNREACHABLE_CODE = YES;
				CLANG_WARN__DUPLICATE_METHOD_MATCH = YES;
				COPY_PHASE_STRIP = NO;
				DEBUG_INFORMATION_FORMAT = "dwarf-with-dsym";
				ENABLE_NS_ASSERTIONS = NO;
				ENABLE_STRICT_OBJC_MSGSEND = YES;
				GCC_C_LANGUAGE_STANDARD = gnu11;
				GCC_NO_COMMON_BLOCKS = YES;
				GCC_WARN_64_TO_32_BIT_CONVERSION = YES;
				GCC_WARN_ABOUT_RETURN_TYPE = YES_ERROR;
				GCC_WARN_UNDECLARED_SELECTOR = YES;
				GCC_WARN_UNINITIALIZED_AUTOS = YES_AGGRESSIVE;
				GCC_WARN_UNUSED_FUNCTION = YES;
				GCC_WARN_UNUSED_VARIABLE = YES;
				IPHONEOS_DEPLOYMENT_TARGET = 14.5;
				MTL_ENABLE_DEBUG_INFO = NO;
				MTL_FAST_MATH = YES;
				SDKROOT = iphoneos;
				SWIFT_COMPILATION_MODE = wholemodule;
				SWIFT_OPTIMIZATION_LEVEL = "-O";
				VALIDATE_PRODUCT = YES;
			};
			name = Release;
		};
		21CB23D826F38EB7000143E3 /* Debug */ = {
			isa = XCBuildConfiguration;
			buildSettings = {
				ASSETCATALOG_COMPILER_APPICON_NAME = AppIcon;
				ASSETCATALOG_COMPILER_GLOBAL_ACCENT_COLOR_NAME = AccentColor;
				CODE_SIGN_STYLE = Automatic;
				DEVELOPMENT_TEAM = QMPGVXKJVA;
				INFOPLIST_FILE = OSMovieApp/Info.plist;
				LD_RUNPATH_SEARCH_PATHS = (
					"$(inherited)",
					"@executable_path/Frameworks",
				);
				PRODUCT_BUNDLE_IDENTIFIER = com.Gabriel.OSMovieApp;
				PRODUCT_NAME = "$(TARGET_NAME)";
				SWIFT_VERSION = 5.0;
				TARGETED_DEVICE_FAMILY = "1,2";
			};
			name = Debug;
		};
		21CB23D926F38EB7000143E3 /* Release */ = {
			isa = XCBuildConfiguration;
			buildSettings = {
				ASSETCATALOG_COMPILER_APPICON_NAME = AppIcon;
				ASSETCATALOG_COMPILER_GLOBAL_ACCENT_COLOR_NAME = AccentColor;
				CODE_SIGN_STYLE = Automatic;
				DEVELOPMENT_TEAM = QMPGVXKJVA;
				INFOPLIST_FILE = OSMovieApp/Info.plist;
				LD_RUNPATH_SEARCH_PATHS = (
					"$(inherited)",
					"@executable_path/Frameworks",
				);
				PRODUCT_BUNDLE_IDENTIFIER = com.Gabriel.OSMovieApp;
				PRODUCT_NAME = "$(TARGET_NAME)";
				SWIFT_VERSION = 5.0;
				TARGETED_DEVICE_FAMILY = "1,2";
			};
			name = Release;
		};
/* End XCBuildConfiguration section */

/* Begin XCConfigurationList section */
		21CB23BE26F38EB3000143E3 /* Build configuration list for PBXProject "OSMovieApp" */ = {
			isa = XCConfigurationList;
			buildConfigurations = (
				21CB23D526F38EB7000143E3 /* Debug */,
				21CB23D626F38EB7000143E3 /* Release */,
			);
			defaultConfigurationIsVisible = 0;
			defaultConfigurationName = Release;
		};
		21CB23D726F38EB7000143E3 /* Build configuration list for PBXNativeTarget "OSMovieApp" */ = {
			isa = XCConfigurationList;
			buildConfigurations = (
				21CB23D826F38EB7000143E3 /* Debug */,
				21CB23D926F38EB7000143E3 /* Release */,
			);
			defaultConfigurationIsVisible = 0;
			defaultConfigurationName = Release;
		};
/* End XCConfigurationList section */
	};
	rootObject = 21CB23BB26F38EB3000143E3 /* Project object */;
}
